// !$*UTF8*$!
{
	archiveVersion = 1;
	classes = {
	};
	objectVersion = 46;
	objects = {

/* Begin PBXBuildFile section */
		14E6A9431D79C26200EA0E61 /* AppDelegate.swift in Sources */ = {isa = PBXBuildFile; fileRef = 14E6A9421D79C26200EA0E61 /* AppDelegate.swift */; };
		14E6A9451D79C26200EA0E61 /* ViewController.swift in Sources */ = {isa = PBXBuildFile; fileRef = 14E6A9441D79C26200EA0E61 /* ViewController.swift */; };
		14E6A9481D79C26200EA0E61 /* Main.storyboard in Resources */ = {isa = PBXBuildFile; fileRef = 14E6A9461D79C26200EA0E61 /* Main.storyboard */; };
		14E6A94A1D79C26200EA0E61 /* Assets.xcassets in Resources */ = {isa = PBXBuildFile; fileRef = 14E6A9491D79C26200EA0E61 /* Assets.xcassets */; };
		14E6A94D1D79C26200EA0E61 /* LaunchScreen.storyboard in Resources */ = {isa = PBXBuildFile; fileRef = 14E6A94B1D79C26200EA0E61 /* LaunchScreen.storyboard */; };
		14E6A97A1D79C38500EA0E61 /* List.txt in Resources */ = {isa = PBXBuildFile; fileRef = 14E6A9781D79C38500EA0E61 /* List.txt */; };
		14E6A97B1D79C38500EA0E61 /* bullet.png in Resources */ = {isa = PBXBuildFile; fileRef = 14E6A9791D79C38500EA0E61 /* bullet.png */; };
/* End PBXBuildFile section */

/* Begin PBXFileReference section */
		14E6A93F1D79C26200EA0E61 /* BulletPoint.app */ = {isa = PBXFileReference; explicitFileType = wrapper.application; includeInIndex = 0; path = BulletPoint.app; sourceTree = BUILT_PRODUCTS_DIR; };
		14E6A9421D79C26200EA0E61 /* AppDelegate.swift */ = {isa = PBXFileReference; lastKnownFileType = sourcecode.swift; path = AppDelegate.swift; sourceTree = "<group>"; };
		14E6A9441D79C26200EA0E61 /* ViewController.swift */ = {isa = PBXFileReference; lastKnownFileType = sourcecode.swift; path = ViewController.swift; sourceTree = "<group>"; };
		14E6A9471D79C26200EA0E61 /* Base */ = {isa = PBXFileReference; lastKnownFileType = file.storyboard; name = Base; path = Base.lproj/Main.storyboard; sourceTree = "<group>"; };
		14E6A9491D79C26200EA0E61 /* Assets.xcassets */ = {isa = PBXFileReference; lastKnownFileType = folder.assetcatalog; path = Assets.xcassets; sourceTree = "<group>"; };
		14E6A94C1D79C26200EA0E61 /* Base */ = {isa = PBXFileReference; lastKnownFileType = file.storyboard; name = Base; path = Base.lproj/LaunchScreen.storyboard; sourceTree = "<group>"; };
		14E6A94E1D79C26200EA0E61 /* Info.plist */ = {isa = PBXFileReference; lastKnownFileType = text.plist.xml; path = Info.plist; sourceTree = "<group>"; };
		14E6A9781D79C38500EA0E61 /* List.txt */ = {isa = PBXFileReference; fileEncoding = 4; lastKnownFileType = text; path = List.txt; sourceTree = "<group>"; };
		14E6A9791D79C38500EA0E61 /* bullet.png */ = {isa = PBXFileReference; lastKnownFileType = image.png; path = bullet.png; sourceTree = "<group>"; };
/* End PBXFileReference section */

/* Begin PBXFrameworksBuildPhase section */
		14E6A93C1D79C26200EA0E61 /* Frameworks */ = {
			isa = PBXFrameworksBuildPhase;
			buildActionMask = 2147483647;
			files = (
			);
			runOnlyForDeploymentPostprocessing = 0;
		};
/* End PBXFrameworksBuildPhase section */

/* Begin PBXGroup section */
		14E6A9361D79C26200EA0E61 = {
			isa = PBXGroup;
			children = (
				14E6A9411D79C26200EA0E61 /* BulletPoint */,
				14E6A9401D79C26200EA0E61 /* Products */,
			);
			sourceTree = "<group>";
		};
		14E6A9401D79C26200EA0E61 /* Products */ = {
			isa = PBXGroup;
			children = (
				14E6A93F1D79C26200EA0E61 /* BulletPoint.app */,
			);
			name = Products;
			sourceTree = "<group>";
		};
		14E6A9411D79C26200EA0E61 /* BulletPoint */ = {
			isa = PBXGroup;
			children = (
				14E6A9421D79C26200EA0E61 /* AppDelegate.swift */,
				14E6A9441D79C26200EA0E61 /* ViewController.swift */,
				14E6A9461D79C26200EA0E61 /* Main.storyboard */,
				14E6A94B1D79C26200EA0E61 /* LaunchScreen.storyboard */,
				14E6A9491D79C26200EA0E61 /* Assets.xcassets */,
				14E6A94E1D79C26200EA0E61 /* Info.plist */,
				14E6A97C1D79C38900EA0E61 /* Resources */,
			);
			path = BulletPoint;
			sourceTree = "<group>";
		};
		14E6A97C1D79C38900EA0E61 /* Resources */ = {
			isa = PBXGroup;
			children = (
				14E6A9781D79C38500EA0E61 /* List.txt */,
				14E6A9791D79C38500EA0E61 /* bullet.png */,
			);
			name = Resources;
			sourceTree = "<group>";
		};
/* End PBXGroup section */

/* Begin PBXNativeTarget section */
		14E6A93E1D79C26200EA0E61 /* BulletPoint */ = {
			isa = PBXNativeTarget;
			buildConfigurationList = 14E6A9511D79C26200EA0E61 /* Build configuration list for PBXNativeTarget "BulletPoint" */;
			buildPhases = (
				14E6A93B1D79C26200EA0E61 /* Sources */,
				14E6A93C1D79C26200EA0E61 /* Frameworks */,
				14E6A93D1D79C26200EA0E61 /* Resources */,
			);
			buildRules = (
			);
			dependencies = (
			);
			name = BulletPoint;
			productName = BulletPoint;
			productReference = 14E6A93F1D79C26200EA0E61 /* BulletPoint.app */;
			productType = "com.apple.product-type.application";
		};
/* End PBXNativeTarget section */

/* Begin PBXProject section */
		14E6A9371D79C26200EA0E61 /* Project object */ = {
			isa = PBXProject;
			attributes = {
				LastSwiftUpdateCheck = 0730;
				LastUpgradeCheck = 0730;
				ORGANIZATIONNAME = "Kishikawa Katsumi";
				TargetAttributes = {
					14E6A93E1D79C26200EA0E61 = {
						CreatedOnToolsVersion = 7.3.1;
					};
				};
			};
			buildConfigurationList = 14E6A93A1D79C26200EA0E61 /* Build configuration list for PBXProject "BulletPoint" */;
			compatibilityVersion = "Xcode 3.2";
			developmentRegion = English;
			hasScannedForEncodings = 0;
			knownRegions = (
				en,
				Base,
			);
			mainGroup = 14E6A9361D79C26200EA0E61;
			productRefGroup = 14E6A9401D79C26200EA0E61 /* Products */;
			projectDirPath = "";
			projectRoot = "";
			targets = (
				14E6A93E1D79C26200EA0E61 /* BulletPoint */,
			);
		};
/* End PBXProject section */

/* Begin PBXResourcesBuildPhase section */
		14E6A93D1D79C26200EA0E61 /* Resources */ = {
			isa = PBXResourcesBuildPhase;
			buildActionMask = 2147483647;
			files = (
				14E6A94D1D79C26200EA0E61 /* LaunchScreen.storyboard in Resources */,
				14E6A94A1D79C26200EA0E61 /* Assets.xcassets in Resources */,
				14E6A97B1D79C38500EA0E61 /* bullet.png in Resources */,
				14E6A97A1D79C38500EA0E61 /* List.txt in Resources */,
				14E6A9481D79C26200EA0E61 /* Main.storyboard in Resources */,
			);
			runOnlyForDeploymentPostprocessing = 0;
		};
/* End PBXResourcesBuildPhase section */

/* Begin PBXSourcesBuildPhase section */
		14E6A93B1D79C26200EA0E61 /* Sources */ = {
			isa = PBXSourcesBuildPhase;
			buildActionMask = 2147483647;
			files = (
				14E6A9451D79C26200EA0E61 /* ViewController.swift in Sources */,
				14E6A9431D79C26200EA0E61 /* AppDelegate.swift in Sources */,
			);
			runOnlyForDeploymentPostprocessing = 0;
		};
/* End PBXSourcesBuildPhase section */

/* Begin PBXVariantGroup section */
		14E6A9461D79C26200EA0E61 /* Main.storyboard */ = {
			isa = PBXVariantGroup;
			children = (
				14E6A9471D79C26200EA0E61 /* Base */,
			);
			name = Main.storyboard;
			sourceTree = "<group>";
		};
		14E6A94B1D79C26200EA0E61 /* LaunchScreen.storyboard */ = {
			isa = PBXVariantGroup;
			children = (
				14E6A94C1D79C26200EA0E61 /* Base */,
			);
			name = LaunchScreen.storyboard;
			sourceTree = "<group>";
		};
/* End PBXVariantGroup section */

/* Begin XCBuildConfiguration section */
		14E6A94F1D79C26200EA0E61 /* Debug */ = {
			isa = XCBuildConfiguration;
			buildSettings = {
				ALWAYS_SEARCH_USER_PATHS = NO;
				CLANG_ANALYZER_NONNULL = YES;
				CLANG_CXX_LANGUAGE_STANDARD = "gnu++0x";
				CLANG_CXX_LIBRARY = "libc++";
				CLANG_ENABLE_MODULES = YES;
				CLANG_ENABLE_OBJC_ARC = YES;
				CLANG_WARN_BOOL_CONVERSION = YES;
				CLANG_WARN_CONSTANT_CONVERSION = YES;
				CLANG_WARN_DIRECT_OBJC_ISA_USAGE = YES_ERROR;
				CLANG_WARN_EMPTY_BODY = YES;
				CLANG_WARN_ENUM_CONVERSION = YES;
				CLANG_WARN_INT_CONVERSION = YES;
				CLANG_WARN_OBJC_ROOT_CLASS = YES_ERROR;
				CLANG_WARN_UNREACHABLE_CODE = YES;
				CLANG_WARN__DUPLICATE_METHOD_MATCH = YES;
				"CODE_SIGN_IDENTITY[sdk=iphoneos*]" = "iPhone Developer";
				COPY_PHASE_STRIP = NO;
				DEBUG_INFORMATION_FORMAT = dwarf;
				ENABLE_STRICT_OBJC_MSGSEND = YES;
				ENABLE_TESTABILITY = YES;
				GCC_C_LANGUAGE_STANDARD = gnu99;
				GCC_DYNAMIC_NO_PIC = NO;
				GCC_NO_COMMON_BLOCKS = YES;
				GCC_OPTIMIZATION_LEVEL = 0;
				GCC_PREPROCESSOR_DEFINITIONS = (
					"DEBUG=1",
					"$(inherited)",
				);
				GCC_WARN_64_TO_32_BIT_CONVERSION = YES;
				GCC_WARN_ABOUT_RETURN_TYPE = YES_ERROR;
				GCC_WARN_UNDECLARED_SELECTOR = YES;
				GCC_WARN_UNINITIALIZED_AUTOS = YES_AGGRESSIVE;
				GCC_WARN_UNUSED_FUNCTION = YES;
				GCC_WARN_UNUSED_VARIABLE = YES;
				IPHONEOS_DEPLOYMENT_TARGET = 9.3;
				MTL_ENABLE_DEBUG_INFO = YES;
				ONLY_ACTIVE_ARCH = YES;
				SDKROOT = iphoneos;
				SWIFT_OPTIMIZATION_LEVEL = "-Onone";
			};
			name = Debug;
		};
		14E6A9501D79C26200EA0E61 /* Release */ = {
			isa = XCBuildConfiguration;
			buildSettings = {
				ALWAYS_SEARCH_USER_PATHS = NO;
				CLANG_ANALYZER_NONNULL = YES;
				CLANG_CXX_LANGUAGE_STANDARD = "gnu++0x";
				CLANG_CXX_LIBRARY = "libc++";
				CLANG_ENABLE_MODULES = YES;
				CLANG_ENABLE_OBJC_ARC = YES;
				CLANG_WARN_BOOL_CONVERSION = YES;
				CLANG_WARN_CONSTANT_CONVERSION = YES;
				CLANG_WARN_DIRECT_OBJC_ISA_USAGE = YES_ERROR;
				CLANG_WARN_EMPTY_BODY = YES;
				CLANG_WARN_ENUM_CONVERSION = YES;
				CLANG_WARN_INT_CONVERSION = YES;
				CLANG_WARN_OBJC_ROOT_CLASS = YES_ERROR;
				CLANG_WARN_UNREACHABLE_CODE = YES;
				CLANG_WARN__DUPLICATE_METHOD_MATCH = YES;
				"CODE_SIGN_IDENTITY[sdk=iphoneos*]" = "iPhone Developer";
				COPY_PHASE_STRIP = NO;
				DEBUG_INFORMATION_FORMAT = "dwarf-with-dsym";
				ENABLE_NS_ASSERTIONS = NO;
				ENABLE_STRICT_OBJC_MSGSEND = YES;
				GCC_C_LANGUAGE_STANDARD = gnu99;
				GCC_NO_COMMON_BLOCKS = YES;
				GCC_WARN_64_TO_32_BIT_CONVERSION = YES;
				GCC_WARN_ABOUT_RETURN_TYPE = YES_ERROR;
				GCC_WARN_UNDECLARED_SELECTOR = YES;
				GCC_WARN_UNINITIALIZED_AUTOS = YES_AGGRESSIVE;
				GCC_WARN_UNUSED_FUNCTION = YES;
				GCC_WARN_UNUSED_VARIABLE = YES;
				IPHONEOS_DEPLOYMENT_TARGET = 9.3;
				MTL_ENABLE_DEBUG_INFO = NO;
				SDKROOT = iphoneos;
				VALIDATE_PRODUCT = YES;
			};
			name = Release;
		};
		14E6A9521D79C26200EA0E61 /* Debug */ = {
			isa = XCBuildConfiguration;
			buildSettings = {
				ASSETCATALOG_COMPILER_APPICON_NAME = AppIcon;
				INFOPLIST_FILE = BulletPoint/Info.plist;
				LD_RUNPATH_SEARCH_PATHS = "$(inherited) @executable_path/Frameworks";
				PRODUCT_BUNDLE_IDENTIFIER = com.kishikawakatsumi.BulletPoint;
				PRODUCT_NAME = "$(TARGET_NAME)";
			};
			name = Debug;
		};
		14E6A9531D79C26200EA0E61 /* Release */ = {
			isa = XCBuildConfiguration;
			buildSettings = {
				ASSETCATALOG_COMPILER_APPICON_NAME = AppIcon;
				INFOPLIST_FILE = BulletPoint/Info.plist;
				LD_RUNPATH_SEARCH_PATHS = "$(inherited) @executable_path/Frameworks";
				PRODUCT_BUNDLE_IDENTIFIER = com.kishikawakatsumi.BulletPoint;
				PRODUCT_NAME = "$(TARGET_NAME)";
			};
			name = Release;
		};
/* End XCBuildConfiguration section */

/* Begin XCConfigurationList section */
		14E6A93A1D79C26200EA0E61 /* Build configuration list for PBXProject "BulletPoint" */ = {
			isa = XCConfigurationList;
			buildConfigurations = (
				14E6A94F1D79C26200EA0E61 /* Debug */,
				14E6A9501D79C26200EA0E61 /* Release */,
			);
			defaultConfigurationIsVisible = 0;
			defaultConfigurationName = Release;
		};
		14E6A9511D79C26200EA0E61 /* Build configuration list for PBXNativeTarget "BulletPoint" */ = {
			isa = XCConfigurationList;
			buildConfigurations = (
				14E6A9521D79C26200EA0E61 /* Debug */,
				14E6A9531D79C26200EA0E61 /* Release */,
			);
			defaultConfigurationIsVisible = 0;
			defaultConfigurationName = Release;
		};
/* End XCConfigurationList section */
	};
	rootObject = 14E6A9371D79C26200EA0E61 /* Project object */;
}
